// !$*UTF8*$!
{
	archiveVersion = 1;
	classes = {
	};
	objectVersion = 50;
	objects = {

/* Begin PBXBuildFile section */
		74CC3AD4246E7C09000A347F /* AppDelegate.swift in Sources */ = {isa = PBXBuildFile; fileRef = 74CC3AD3246E7C09000A347F /* AppDelegate.swift */; };
		74CC3AD6246E7C09000A347F /* SceneDelegate.swift in Sources */ = {isa = PBXBuildFile; fileRef = 74CC3AD5246E7C09000A347F /* SceneDelegate.swift */; };
		74CC3ADD246E7C0A000A347F /* Assets.xcassets in Resources */ = {isa = PBXBuildFile; fileRef = 74CC3ADC246E7C0A000A347F /* Assets.xcassets */; };
		74CC3AE9246E7D6C000A347F /* BaseViewController.swift in Sources */ = {isa = PBXBuildFile; fileRef = 74CC3AE8246E7D6C000A347F /* BaseViewController.swift */; };
		74CC3AEB246E7DA8000A347F /* BaseTabBarViewController.swift in Sources */ = {isa = PBXBuildFile; fileRef = 74CC3AEA246E7DA8000A347F /* BaseTabBarViewController.swift */; };
		74CC3AED246E7DCD000A347F /* BaseNavigationController.swift in Sources */ = {isa = PBXBuildFile; fileRef = 74CC3AEC246E7DCD000A347F /* BaseNavigationController.swift */; };
		74CC3AEF246E89D2000A347F /* BaseTabBarView.swift in Sources */ = {isa = PBXBuildFile; fileRef = 74CC3AEE246E89D2000A347F /* BaseTabBarView.swift */; };
		74CC3AF4246E8C1D000A347F /* GlobalHeader.swift in Sources */ = {isa = PBXBuildFile; fileRef = 74CC3AF3246E8C1D000A347F /* GlobalHeader.swift */; };
		74EEB13F2476932400909CEC /* Date+Helper.swift in Sources */ = {isa = PBXBuildFile; fileRef = 74EEB13E2476932400909CEC /* Date+Helper.swift */; };
/* End PBXBuildFile section */

/* Begin PBXFileReference section */
		74CC3AD0246E7C09000A347F /* SwiftProject.app */ = {isa = PBXFileReference; explicitFileType = wrapper.application; includeInIndex = 0; path = SwiftProject.app; sourceTree = BUILT_PRODUCTS_DIR; };
		74CC3AD3246E7C09000A347F /* AppDelegate.swift */ = {isa = PBXFileReference; lastKnownFileType = sourcecode.swift; path = AppDelegate.swift; sourceTree = "<group>"; };
		74CC3AD5246E7C09000A347F /* SceneDelegate.swift */ = {isa = PBXFileReference; lastKnownFileType = sourcecode.swift; path = SceneDelegate.swift; sourceTree = "<group>"; };
		74CC3ADC246E7C0A000A347F /* Assets.xcassets */ = {isa = PBXFileReference; lastKnownFileType = folder.assetcatalog; path = Assets.xcassets; sourceTree = "<group>"; };
		74CC3AE1246E7C0A000A347F /* Info.plist */ = {isa = PBXFileReference; lastKnownFileType = text.plist.xml; path = Info.plist; sourceTree = "<group>"; };
		74CC3AE8246E7D6C000A347F /* BaseViewController.swift */ = {isa = PBXFileReference; lastKnownFileType = sourcecode.swift; path = BaseViewController.swift; sourceTree = "<group>"; };
		74CC3AEA246E7DA8000A347F /* BaseTabBarViewController.swift */ = {isa = PBXFileReference; lastKnownFileType = sourcecode.swift; path = BaseTabBarViewController.swift; sourceTree = "<group>"; };
		74CC3AEC246E7DCD000A347F /* BaseNavigationController.swift */ = {isa = PBXFileReference; lastKnownFileType = sourcecode.swift; path = BaseNavigationController.swift; sourceTree = "<group>"; };
		74CC3AEE246E89D2000A347F /* BaseTabBarView.swift */ = {isa = PBXFileReference; lastKnownFileType = sourcecode.swift; path = BaseTabBarView.swift; sourceTree = "<group>"; };
		74CC3AF3246E8C1D000A347F /* GlobalHeader.swift */ = {isa = PBXFileReference; lastKnownFileType = sourcecode.swift; path = GlobalHeader.swift; sourceTree = "<group>"; };
		74EEB13E2476932400909CEC /* Date+Helper.swift */ = {isa = PBXFileReference; lastKnownFileType = sourcecode.swift; path = "Date+Helper.swift"; sourceTree = "<group>"; };
/* End PBXFileReference section */

/* Begin PBXFrameworksBuildPhase section */
		74CC3ACD246E7C09000A347F /* Frameworks */ = {
			isa = PBXFrameworksBuildPhase;
			buildActionMask = 2147483647;
			files = (
			);
			runOnlyForDeploymentPostprocessing = 0;
		};
/* End PBXFrameworksBuildPhase section */

/* Begin PBXGroup section */
		74CC3AC7246E7C09000A347F = {
			isa = PBXGroup;
			children = (
				74CC3AD2246E7C09000A347F /* SwiftProject */,
				74CC3AD1246E7C09000A347F /* Products */,
			);
			sourceTree = "<group>";
		};
		74CC3AD1246E7C09000A347F /* Products */ = {
			isa = PBXGroup;
			children = (
				74CC3AD0246E7C09000A347F /* SwiftProject.app */,
			);
			name = Products;
			sourceTree = "<group>";
		};
		74CC3AD2246E7C09000A347F /* SwiftProject */ = {
			isa = PBXGroup;
			children = (
				74EEB1372476843000909CEC /* Category */,
				74EEB1382476843000909CEC /* Tools */,
				74CC3AF1246E8BA3000A347F /* GlobalFile */,
				74CC3AE7246E7D45000A347F /* BaseViewController */,
				74CC3AD3246E7C09000A347F /* AppDelegate.swift */,
				74CC3AD5246E7C09000A347F /* SceneDelegate.swift */,
				74CC3ADC246E7C0A000A347F /* Assets.xcassets */,
				74CC3AE1246E7C0A000A347F /* Info.plist */,
			);
			path = SwiftProject;
			sourceTree = "<group>";
		};
		74CC3AE7246E7D45000A347F /* BaseViewController */ = {
			isa = PBXGroup;
			children = (
				74CC3AE8246E7D6C000A347F /* BaseViewController.swift */,
				74CC3AEA246E7DA8000A347F /* BaseTabBarViewController.swift */,
				74CC3AEC246E7DCD000A347F /* BaseNavigationController.swift */,
				74CC3AEE246E89D2000A347F /* BaseTabBarView.swift */,
			);
			path = BaseViewController;
			sourceTree = "<group>";
		};
		74CC3AF1246E8BA3000A347F /* GlobalFile */ = {
			isa = PBXGroup;
			children = (
				74CC3AF3246E8C1D000A347F /* GlobalHeader.swift */,
			);
			path = GlobalFile;
			sourceTree = "<group>";
		};
		74EEB1372476843000909CEC /* Category */ = {
			isa = PBXGroup;
			children = (
				74EEB13E2476932400909CEC /* Date+Helper.swift */,
			);
			path = Category;
			sourceTree = "<group>";
		};
		74EEB1382476843000909CEC /* Tools */ = {
			isa = PBXGroup;
			children = (
			);
			path = Tools;
			sourceTree = "<group>";
		};
/* End PBXGroup section */

/* Begin PBXNativeTarget section */
		74CC3ACF246E7C09000A347F /* SwiftProject */ = {
			isa = PBXNativeTarget;
			buildConfigurationList = 74CC3AE4246E7C0A000A347F /* Build configuration list for PBXNativeTarget "SwiftProject" */;
			buildPhases = (
				74CC3ACC246E7C09000A347F /* Sources */,
				74CC3ACD246E7C09000A347F /* Frameworks */,
				74CC3ACE246E7C09000A347F /* Resources */,
			);
			buildRules = (
			);
			dependencies = (
			);
			name = SwiftProject;
			productName = SwiftProject;
			productReference = 74CC3AD0246E7C09000A347F /* SwiftProject.app */;
			productType = "com.apple.product-type.application";
		};
/* End PBXNativeTarget section */

/* Begin PBXProject section */
		74CC3AC8246E7C09000A347F /* Project object */ = {
			isa = PBXProject;
			attributes = {
				LastSwiftUpdateCheck = 1140;
				LastUpgradeCheck = 1140;
				ORGANIZATIONNAME = zkl;
				TargetAttributes = {
					74CC3ACF246E7C09000A347F = {
						CreatedOnToolsVersion = 11.4.1;
						LastSwiftMigration = 1140;
					};
				};
			};
			buildConfigurationList = 74CC3ACB246E7C09000A347F /* Build configuration list for PBXProject "SwiftProject" */;
			compatibilityVersion = "Xcode 9.3";
			developmentRegion = en;
			hasScannedForEncodings = 0;
			knownRegions = (
				en,
				Base,
			);
			mainGroup = 74CC3AC7246E7C09000A347F;
			productRefGroup = 74CC3AD1246E7C09000A347F /* Products */;
			projectDirPath = "";
			projectRoot = "";
			targets = (
				74CC3ACF246E7C09000A347F /* SwiftProject */,
			);
		};
/* End PBXProject section */

/* Begin PBXResourcesBuildPhase section */
		74CC3ACE246E7C09000A347F /* Resources */ = {
			isa = PBXResourcesBuildPhase;
			buildActionMask = 2147483647;
			files = (
				74CC3ADD246E7C0A000A347F /* Assets.xcassets in Resources */,
			);
			runOnlyForDeploymentPostprocessing = 0;
		};
/* End PBXResourcesBuildPhase section */

/* Begin PBXSourcesBuildPhase section */
		74CC3ACC246E7C09000A347F /* Sources */ = {
			isa = PBXSourcesBuildPhase;
			buildActionMask = 2147483647;
			files = (
				74EEB13F2476932400909CEC /* Date+Helper.swift in Sources */,
				74CC3AE9246E7D6C000A347F /* BaseViewController.swift in Sources */,
				74CC3AEF246E89D2000A347F /* BaseTabBarView.swift in Sources */,
				74CC3AD4246E7C09000A347F /* AppDelegate.swift in Sources */,
				74CC3AD6246E7C09000A347F /* SceneDelegate.swift in Sources */,
				74CC3AF4246E8C1D000A347F /* GlobalHeader.swift in Sources */,
				74CC3AED246E7DCD000A347F /* BaseNavigationController.swift in Sources */,
				74CC3AEB246E7DA8000A347F /* BaseTabBarViewController.swift in Sources */,
			);
			runOnlyForDeploymentPostprocessing = 0;
		};
/* End PBXSourcesBuildPhase section */

/* Begin XCBuildConfiguration section */
		74CC3AE2246E7C0A000A347F /* Debug */ = {
			isa = XCBuildConfiguration;
			buildSettings = {
				ALWAYS_SEARCH_USER_PATHS = NO;
				CLANG_ANALYZER_NONNULL = YES;
				CLANG_ANALYZER_NUMBER_OBJECT_CONVERSION = YES_AGGRESSIVE;
				CLANG_CXX_LANGUAGE_STANDARD = "gnu++14";
				CLANG_CXX_LIBRARY = "libc++";
				CLANG_ENABLE_MODULES = YES;
				CLANG_ENABLE_OBJC_ARC = YES;
				CLANG_ENABLE_OBJC_WEAK = YES;
				CLANG_WARN_BLOCK_CAPTURE_AUTORELEASING = YES;
				CLANG_WARN_BOOL_CONVERSION = YES;
				CLANG_WARN_COMMA = YES;
				CLANG_WARN_CONSTANT_CONVERSION = YES;
				CLANG_WARN_DEPRECATED_OBJC_IMPLEMENTATIONS = YES;
				CLANG_WARN_DIRECT_OBJC_ISA_USAGE = YES_ERROR;
				CLANG_WARN_DOCUMENTATION_COMMENTS = YES;
				CLANG_WARN_EMPTY_BODY = YES;
				CLANG_WARN_ENUM_CONVERSION = YES;
				CLANG_WARN_INFINITE_RECURSION = YES;
				CLANG_WARN_INT_CONVERSION = YES;
				CLANG_WARN_NON_LITERAL_NULL_CONVERSION = YES;
				CLANG_WARN_OBJC_IMPLICIT_RETAIN_SELF = YES;
				CLANG_WARN_OBJC_LITERAL_CONVERSION = YES;
				CLANG_WARN_OBJC_ROOT_CLASS = YES_ERROR;
				CLANG_WARN_RANGE_LOOP_ANALYSIS = YES;
				CLANG_WARN_STRICT_PROTOTYPES = YES;
				CLANG_WARN_SUSPICIOUS_MOVE = YES;
				CLANG_WARN_UNGUARDED_AVAILABILITY = YES_AGGRESSIVE;
				CLANG_WARN_UNREACHABLE_CODE = YES;
				CLANG_WARN__DUPLICATE_METHOD_MATCH = YES;
				COPY_PHASE_STRIP = NO;
				DEBUG_INFORMATION_FORMAT = dwarf;
				ENABLE_STRICT_OBJC_MSGSEND = YES;
				ENABLE_TESTABILITY = YES;
				GCC_C_LANGUAGE_STANDARD = gnu11;
				GCC_DYNAMIC_NO_PIC = NO;
				GCC_NO_COMMON_BLOCKS = YES;
				GCC_OPTIMIZATION_LEVEL = 0;
				GCC_PREPROCESSOR_DEFINITIONS = (
					"DEBUG=1",
					"$(inherited)",
				);
				GCC_WARN_64_TO_32_BIT_CONVERSION = YES;
				GCC_WARN_ABOUT_RETURN_TYPE = YES_ERROR;
				GCC_WARN_UNDECLARED_SELECTOR = YES;
				GCC_WARN_UNINITIALIZED_AUTOS = YES_AGGRESSIVE;
				GCC_WARN_UNUSED_FUNCTION = YES;
				GCC_WARN_UNUSED_VARIABLE = YES;
				IPHONEOS_DEPLOYMENT_TARGET = 13.4;
				MTL_ENABLE_DEBUG_INFO = INCLUDE_SOURCE;
				MTL_FAST_MATH = YES;
				ONLY_ACTIVE_ARCH = YES;
				SDKROOT = iphoneos;
				SWIFT_ACTIVE_COMPILATION_CONDITIONS = DEBUG;
				SWIFT_OPTIMIZATION_LEVEL = "-Onone";
			};
			name = Debug;
		};
		74CC3AE3246E7C0A000A347F /* Release */ = {
			isa = XCBuildConfiguration;
			buildSettings = {
				ALWAYS_SEARCH_USER_PATHS = NO;
				CLANG_ANALYZER_NONNULL = YES;
				CLANG_ANALYZER_NUMBER_OBJECT_CONVERSION = YES_AGGRESSIVE;
				CLANG_CXX_LANGUAGE_STANDARD = "gnu++14";
				CLANG_CXX_LIBRARY = "libc++";
				CLANG_ENABLE_MODULES = YES;
				CLANG_ENABLE_OBJC_ARC = YES;
				CLANG_ENABLE_OBJC_WEAK = YES;
				CLANG_WARN_BLOCK_CAPTURE_AUTORELEASING = YES;
				CLANG_WARN_BOOL_CONVERSION = YES;
				CLANG_WARN_COMMA = YES;
				CLANG_WARN_CONSTANT_CONVERSION = YES;
				CLANG_WARN_DEPRECATED_OBJC_IMPLEMENTATIONS = YES;
				CLANG_WARN_DIRECT_OBJC_ISA_USAGE = YES_ERROR;
				CLANG_WARN_DOCUMENTATION_COMMENTS = YES;
				CLANG_WARN_EMPTY_BODY = YES;
				CLANG_WARN_ENUM_CONVERSION = YES;
				CLANG_WARN_INFINITE_RECURSION = YES;
				CLANG_WARN_INT_CONVERSION = YES;
				CLANG_WARN_NON_LITERAL_NULL_CONVERSION = YES;
				CLANG_WARN_OBJC_IMPLICIT_RETAIN_SELF = YES;
				CLANG_WARN_OBJC_LITERAL_CONVERSION = YES;
				CLANG_WARN_OBJC_ROOT_CLASS = YES_ERROR;
				CLANG_WARN_RANGE_LOOP_ANALYSIS = YES;
				CLANG_WARN_STRICT_PROTOTYPES = YES;
				CLANG_WARN_SUSPICIOUS_MOVE = YES;
				CLANG_WARN_UNGUARDED_AVAILABILITY = YES_AGGRESSIVE;
				CLANG_WARN_UNREACHABLE_CODE = YES;
				CLANG_WARN__DUPLICATE_METHOD_MATCH = YES;
				COPY_PHASE_STRIP = NO;
				DEBUG_INFORMATION_FORMAT = "dwarf-with-dsym";
				ENABLE_NS_ASSERTIONS = NO;
				ENABLE_STRICT_OBJC_MSGSEND = YES;
				GCC_C_LANGUAGE_STANDARD = gnu11;
				GCC_NO_COMMON_BLOCKS = YES;
				GCC_WARN_64_TO_32_BIT_CONVERSION = YES;
				GCC_WARN_ABOUT_RETURN_TYPE = YES_ERROR;
				GCC_WARN_UNDECLARED_SELECTOR = YES;
				GCC_WARN_UNINITIALIZED_AUTOS = YES_AGGRESSIVE;
				GCC_WARN_UNUSED_FUNCTION = YES;
				GCC_WARN_UNUSED_VARIABLE = YES;
				IPHONEOS_DEPLOYMENT_TARGET = 13.4;
				MTL_ENABLE_DEBUG_INFO = NO;
				MTL_FAST_MATH = YES;
				SDKROOT = iphoneos;
				SWIFT_COMPILATION_MODE = wholemodule;
				SWIFT_OPTIMIZATION_LEVEL = "-O";
				VALIDATE_PRODUCT = YES;
			};
			name = Release;
		};
		74CC3AE5246E7C0A000A347F /* Debug */ = {
			isa = XCBuildConfiguration;
			buildSettings = {
				ASSETCATALOG_COMPILER_APPICON_NAME = AppIcon;
				CLANG_ENABLE_MODULES = YES;
				CODE_SIGN_STYLE = Automatic;
				DEVELOPMENT_TEAM = 9C4NB6B62P;
				INFOPLIST_FILE = SwiftProject/Info.plist;
				IPHONEOS_DEPLOYMENT_TARGET = 9.0;
				LD_RUNPATH_SEARCH_PATHS = (
					"$(inherited)",
					"@executable_path/Frameworks",
				);
				PRODUCT_BUNDLE_IDENTIFIER = zkl.SwiftProject;
				PRODUCT_NAME = "$(TARGET_NAME)";
				SWIFT_OPTIMIZATION_LEVEL = "-Onone";
				SWIFT_VERSION = 5.0;
				TARGETED_DEVICE_FAMILY = "1,2";
			};
			name = Debug;
		};
		74CC3AE6246E7C0A000A347F /* Release */ = {
			isa = XCBuildConfiguration;
			buildSettings = {
				ASSETCATALOG_COMPILER_APPICON_NAME = AppIcon;
				CLANG_ENABLE_MODULES = YES;
				CODE_SIGN_STYLE = Automatic;
				DEVELOPMENT_TEAM = 9C4NB6B62P;
				INFOPLIST_FILE = SwiftProject/Info.plist;
				IPHONEOS_DEPLOYMENT_TARGET = 9.0;
				LD_RUNPATH_SEARCH_PATHS = (
					"$(inherited)",
					"@executable_path/Frameworks",
				);
				PRODUCT_BUNDLE_IDENTIFIER = zkl.SwiftProject;
				PRODUCT_NAME = "$(TARGET_NAME)";
				SWIFT_VERSION = 5.0;
				TARGETED_DEVICE_FAMILY = "1,2";
			};
			name = Release;
		};
/* End XCBuildConfiguration section */

/* Begin XCConfigurationList section */
		74CC3ACB246E7C09000A347F /* Build configuration list for PBXProject "SwiftProject" */ = {
			isa = XCConfigurationList;
			buildConfigurations = (
				74CC3AE2246E7C0A000A347F /* Debug */,
				74CC3AE3246E7C0A000A347F /* Release */,
			);
			defaultConfigurationIsVisible = 0;
			defaultConfigurationName = Release;
		};
		74CC3AE4246E7C0A000A347F /* Build configuration list for PBXNativeTarget "SwiftProject" */ = {
			isa = XCConfigurationList;
			buildConfigurations = (
				74CC3AE5246E7C0A000A347F /* Debug */,
				74CC3AE6246E7C0A000A347F /* Release */,
			);
			defaultConfigurationIsVisible = 0;
			defaultConfigurationName = Release;
		};
/* End XCConfigurationList section */
	};
	rootObject = 74CC3AC8246E7C09000A347F /* Project object */;
}
